
Microsoft Visual Studio Solution File, Format Version 12.00
# Visual Studio Version 17
VisualStudioVersion = 17.1.32210.238
MinimumVisualStudioVersion = 10.0.40219.1
Project("{FAE04EC0-301F-11D3-BF4B-00C04F79EFBC}") = "LaboBadge", "LaboBadge\LaboBadge.csproj", "{0BB32246-DBF0-49F1-B75D-0E73E184038E}"
EndProject
Global
	GlobalSection(SolutionConfigurationPlatforms) = preSolution
		Debug|Any CPU = Debug|Any CPU
		Release|Any CPU = Release|Any CPU
	EndGlobalSection
	GlobalSection(ProjectConfigurationPlatforms) = postSolution
		{0BB32246-DBF0-49F1-B75D-0E73E184038E}.Debug|Any CPU.ActiveCfg = Debug|Any CPU
		{0BB32246-DBF0-49F1-B75D-0E73E184038E}.Debug|Any CPU.Build.0 = Debug|Any CPU
		{0BB32246-DBF0-49F1-B75D-0E73E184038E}.Release|Any CPU.ActiveCfg = Release|Any CPU
		{0BB32246-DBF0-49F1-B75D-0E73E184038E}.Release|Any CPU.Build.0 = Release|Any CPU
	EndGlobalSection
	GlobalSection(SolutionProperties) = preSolution
		HideSolutionNode = FALSE
	EndGlobalSection
	GlobalSection(ExtensibilityGlobals) = postSolution
		SolutionGuid = {692DFDA5-E22C-4C08-B218-AED7787B1F4A}
	EndGlobalSection
EndGlobal
